{
  "lockfileVersion": 1,
  "dependencies": {
    "acorn": {
      "version": "5.0.3",
      "resolved": "https://registry.npmjs.org/acorn/-/acorn-5.0.3.tgz",
      "integrity": "sha1-xGDfCEkUY/AozLguqzcwvwEIez0="
    },
    "amdefine": {
      "version": "1.0.1",
      "resolved": "https://registry.npmjs.org/amdefine/-/amdefine-1.0.1.tgz",
      "integrity": "sha1-SlKCrBZHKek2Gbz9OtFR+BfOkfU=",
      "optional": true
    },
    "art-template": {
      "version": "4.10.2",
      "resolved": "https://registry.npmjs.org/art-template/-/art-template-4.10.2.tgz",
      "integrity": "sha1-T8pJjtM7vRdCmCu0SOhD7cHkdHI="
    },
    "camel-case": {
      "version": "3.0.0",
      "resolved": "https://registry.npmjs.org/camel-case/-/camel-case-3.0.0.tgz",
      "integrity": "sha1-yjw2iKTpzzpM2nd9xNy8cTJJz3M="
    },
    "clean-css": {
      "version": "4.1.3",
      "resolved": "https://registry.npmjs.org/clean-css/-/clean-css-4.1.3.tgz",
      "integrity": "sha1-B8/omA7bINRV3cI6rc8eBMblCc4="
    },
    "commander": {
      "version": "2.9.0",
      "resolved": "https://registry.npmjs.org/commander/-/commander-2.9.0.tgz",
      "integrity": "sha1-nJkJQXbhIkDLItbFFGCYQA/g99Q="
    },
    "deep-is": {
      "version": "0.1.3",
      "resolved": "https://registry.npmjs.org/deep-is/-/deep-is-0.1.3.tgz",
      "integrity": "sha1-s2nW+128E+7PUk+RsHD+7cNXzzQ="
    },
    "detect-node": {
      "version": "2.0.3",
      "resolved": "https://registry.npmjs.org/detect-node/-/detect-node-2.0.3.tgz",
      "integrity": "sha1-ogM8CcyOFY03dI+951B4Mr1s4Sc="
    },
    "escodegen": {
      "version": "1.8.1",
      "resolved": "https://registry.npmjs.org/escodegen/-/escodegen-1.8.1.tgz",
      "integrity": "sha1-WltTr0aTEQvrsIZ6o0MN07cKEBg=",
      "dependencies": {
        "estraverse": {
          "version": "1.9.3",
          "resolved": "https://registry.npmjs.org/estraverse/-/estraverse-1.9.3.tgz",
          "integrity": "sha1-r2fy3JIlgkFZUJJgkaQAXSnJu0Q="
        },
        "source-map": {
          "version": "0.2.0",
          "resolved": "https://registry.npmjs.org/source-map/-/source-map-0.2.0.tgz",
          "integrity": "sha1-2rc/vPwrqBm03gO9b26qSBZLP50=",
          "optional": true
        }
      }
    },
    "esprima": {
      "version": "2.7.3",
      "resolved": "https://registry.npmjs.org/esprima/-/esprima-2.7.3.tgz",
      "integrity": "sha1-luO3DVd59q1JzQMmc9HDEnZ7pYE="
    },
    "estraverse": {
      "version": "4.2.0",
      "resolved": "https://registry.npmjs.org/estraverse/-/estraverse-4.2.0.tgz",
      "integrity": "sha1-De4/7TH81GlhjOc0IJn8GvoL2xM="
    },
    "esutils": {
      "version": "2.0.2",
      "resolved": "https://registry.npmjs.org/esutils/-/esutils-2.0.2.tgz",
      "integrity": "sha1-Cr9PHKpbyx96nYrMbepPqqBLrJs="
    },
    "fast-levenshtein": {
      "version": "2.0.6",
      "resolved": "https://registry.npmjs.org/fast-levenshtein/-/fast-levenshtein-2.0.6.tgz",
      "integrity": "sha1-PYpcZog6FqMMqGQ+hR8Zuqd5eRc="
    },
    "graceful-readlink": {
      "version": "1.0.1",
      "resolved": "https://registry.npmjs.org/graceful-readlink/-/graceful-readlink-1.0.1.tgz",
      "integrity": "sha1-TK+tdrxi8C+gObL5Tpo906ORpyU="
    },
    "he": {
      "version": "1.1.1",
      "resolved": "https://registry.npmjs.org/he/-/he-1.1.1.tgz",
      "integrity": "sha1-k0EP0hsAlzUVH4howvJx80J+I/0="
    },
    "html-minifier": {
      "version": "3.5.2",
      "resolved": "https://registry.npmjs.org/html-minifier/-/html-minifier-3.5.2.tgz",
      "integrity": "sha1-1zvD/0SJQkCIGM5gm/P7DqfvTrc="
    },
    "is-keyword-js": {
      "version": "1.0.3",
      "resolved": "https://registry.npmjs.org/is-keyword-js/-/is-keyword-js-1.0.3.tgz",
      "integrity": "sha1-rDDc81tnH0snsX9ctXI1EmAhEy0="
    },
    "jquery": {
      "version": "3.2.1",
      "resolved": "https://registry.npmjs.org/jquery/-/jquery-3.2.1.tgz",
      "integrity": "sha1-XE2d5lKvbNCncBVKYxu6ErAVx4c="
    },
    "js-tokens": {
      "version": "3.0.1",
      "resolved": "https://registry.npmjs.org/js-tokens/-/js-tokens-3.0.1.tgz",
      "integrity": "sha1-COnxMkhKLEWjCQfp3E1VZ7fxFNc="
    },
    "levn": {
      "version": "0.3.0",
      "resolved": "https://registry.npmjs.org/levn/-/levn-0.3.0.tgz",
      "integrity": "sha1-OwmSTt+fCDwEkP3UwLxEIeBHZO4="
    },
    "lower-case": {
      "version": "1.1.4",
      "resolved": "https://registry.npmjs.org/lower-case/-/lower-case-1.1.4.tgz",
      "integrity": "sha1-miyr0bno4K6ZOkv31YdcOcQujqw="
    },
    "merge-source-map": {
      "version": "1.0.3",
      "resolved": "https://registry.npmjs.org/merge-source-map/-/merge-source-map-1.0.3.tgz",
      "integrity": "sha1-2hQV8nIqURnbB7FMT5c0EIY6Kr8="
    },
    "ncname": {
      "version": "1.0.0",
      "resolved": "https://registry.npmjs.org/ncname/-/ncname-1.0.0.tgz",
      "integrity": "sha1-W1etGLHKCShk72Kwse2BlPODtxw="
    },
    "no-case": {
      "version": "2.3.1",
      "resolved": "https://registry.npmjs.org/no-case/-/no-case-2.3.1.tgz",
      "integrity": "sha1-euuhxzpSGEJlVUt9wDuvcg34AIE="
    },
    "optionator": {
      "version": "0.8.2",
      "resolved": "https://registry.npmjs.org/optionator/-/optionator-0.8.2.tgz",
      "integrity": "sha1-NkxeQJ0/TWMB1sC0wFu6UBgK62Q="
    },
    "param-case": {
      "version": "2.1.1",
      "resolved": "https://registry.npmjs.org/param-case/-/param-case-2.1.1.tgz",
      "integrity": "sha1-35T9jPZTHs915r75oIWPvHK+Ikc="
    },
    "prelude-ls": {
      "version": "1.1.2",
      "resolved": "https://registry.npmjs.org/prelude-ls/-/prelude-ls-1.1.2.tgz",
      "integrity": "sha1-IZMqVJ9eUv/ZqCf1cOBL5iqX2lQ="
    },
    "relateurl": {
      "version": "0.2.7",
      "resolved": "https://registry.npmjs.org/relateurl/-/relateurl-0.2.7.tgz",
      "integrity": "sha1-VNvzd+UUQKypCkzSdGANP/LYiKk="
    },
    "source-map": {
      "version": "0.5.6",
      "resolved": "https://registry.npmjs.org/source-map/-/source-map-0.5.6.tgz",
      "integrity": "sha1-dc449SvwczxafwwRjYEzSiu19BI="
    },
    "type-check": {
      "version": "0.3.2",
      "resolved": "https://registry.npmjs.org/type-check/-/type-check-0.3.2.tgz",
      "integrity": "sha1-WITKtRLPHTVeP7eE8wgEsrUg23I="
    },
    "uglify-js": {
      "version": "3.0.15",
      "resolved": "https://registry.npmjs.org/uglify-js/-/uglify-js-3.0.15.tgz",
      "integrity": "sha1-qssyOoRrI0YCJw3q2KMkQaiAb0I="
    },
    "upper-case": {
      "version": "1.1.3",
      "resolved": "https://registry.npmjs.org/upper-case/-/upper-case-1.1.3.tgz",
      "integrity": "sha1-9rRQHC7EzdJrp4vnIilh3ndiFZg="
    },
    "wordwrap": {
      "version": "1.0.0",
      "resolved": "https://registry.npmjs.org/wordwrap/-/wordwrap-1.0.0.tgz",
      "integrity": "sha1-J1hIEIkUVqQXHI0CJkQa3pDLyus="
    },
    "xml-char-classes": {
      "version": "1.0.0",
      "resolved": "https://registry.npmjs.org/xml-char-classes/-/xml-char-classes-1.0.0.tgz",
      "integrity": "sha1-ZGV4SKIP/F31g6Qq2KJ3tFErvE0="
    }
  }
}
